
Microsoft Visual Studio Solution File, Format Version 12.00
# Visual Studio Version 17
VisualStudioVersion = 17.0.31903.59
MinimumVisualStudioVersion = 10.0.40219.1
Project("{FAE04EC0-301F-11D3-BF4B-00C04F79EFBC}") = "SimpleCalculatorDomain", "SimpleCalculator\SimpleCalculatorDomain.csproj", "{57597374-E6CE-4FDD-9E5C-FCA28F88EC36}"
EndProject
Project("{FAE04EC0-301F-11D3-BF4B-00C04F79EFBC}") = "SimpleCalculatorTests", "SimpleCalculatorTests\SimpleCalculatorTests.csproj", "{599ADAAF-A5A4-4198-873E-ADACF91BCC51}"
EndProject
Global
	GlobalSection(SolutionConfigurationPlatforms) = preSolution
		Debug|Any CPU = Debug|Any CPU
		Release|Any CPU = Release|Any CPU
	EndGlobalSection
	GlobalSection(ProjectConfigurationPlatforms) = postSolution
		{57597374-E6CE-4FDD-9E5C-FCA28F88EC36}.Debug|Any CPU.ActiveCfg = Debug|Any CPU
		{57597374-E6CE-4FDD-9E5C-FCA28F88EC36}.Debug|Any CPU.Build.0 = Debug|Any CPU
		{57597374-E6CE-4FDD-9E5C-FCA28F88EC36}.Release|Any CPU.ActiveCfg = Release|Any CPU
		{57597374-E6CE-4FDD-9E5C-FCA28F88EC36}.Release|Any CPU.Build.0 = Release|Any CPU
		{599ADAAF-A5A4-4198-873E-ADACF91BCC51}.Debug|Any CPU.ActiveCfg = Debug|Any CPU
		{599ADAAF-A5A4-4198-873E-ADACF91BCC51}.Debug|Any CPU.Build.0 = Debug|Any CPU
		{599ADAAF-A5A4-4198-873E-ADACF91BCC51}.Release|Any CPU.ActiveCfg = Release|Any CPU
		{599ADAAF-A5A4-4198-873E-ADACF91BCC51}.Release|Any CPU.Build.0 = Release|Any CPU
	EndGlobalSection
	GlobalSection(SolutionProperties) = preSolution
		HideSolutionNode = FALSE
	EndGlobalSection
	GlobalSection(ExtensibilityGlobals) = postSolution
		SolutionGuid = {456125FE-C1FB-495A-8EE7-ECFB8AC2D7D4}
	EndGlobalSection
EndGlobal
